{
  "nodes": {
    "anki-editor": {
      "flake": false,
      "locked": {
        "lastModified": 1764526105,
        "narHash": "sha256-v4FXGfWSw7nFqHYwtFmnKOI4m0hlOMa/mxwey8KCvc0=",
        "owner": "anki-editor",
        "repo": "anki-editor",
        "rev": "f472f7e1fa1aa65a814e9375e1b8881a828c31b1",
        "type": "github"
      },
      "original": {
        "owner": "anki-editor",
        "repo": "anki-editor",
        "type": "github"
      }
    },
    "corg": {
      "flake": false,
      "locked": {
        "lastModified": 1756653989,
        "narHash": "sha256-uGJZzs6yZWc/4uAYeboB4k6ZkkxmaOi3pJBIfucIb0I=",
        "owner": "isamert",
        "repo": "corg.el",
        "rev": "54c0ed1a38a216b05eca3c7d1f00b28847cd5bb1",
        "type": "github"
      },
      "original": {
        "owner": "isamert",
        "repo": "corg.el",
        "type": "github"
      }
    },
    "home-manager": {
      "inputs": {
        "nixpkgs": [
          "nixpkgs"
        ]
      },
      "locked": {
        "lastModified": 1764776959,
        "narHash": "sha256-d+5CGloq7Lo1u2SkzhF8oiOdUc6Z5emh22nTXUB9CFA=",
        "owner": "nix-community",
        "repo": "home-manager",
        "rev": "e1680d594a9281651cbf7d126941a8c8e2396183",
        "type": "github"
      },
      "original": {
        "owner": "nix-community",
        "ref": "release-25.11",
        "repo": "home-manager",
        "type": "github"
      }
    },
    "meow-edit": {
      "flake": false,
      "locked": {
        "lastModified": 1757868847,
        "narHash": "sha256-vXdhvLbYruCXmo3Ej2QWFHCMPrkIcX3qOG3JhBY0o5k=",
        "owner": "meow-edit",
        "repo": "meow",
        "rev": "2246f593552c6208bac533de9af04b085fafa6fa",
        "type": "github"
      },
      "original": {
        "owner": "meow-edit",
        "repo": "meow",
        "type": "github"
      }
    },
    "nextflow-mode": {
      "flake": false,
      "locked": {
        "lastModified": 1735275074,
        "narHash": "sha256-j2y3WHkUee5/xMMmQjHvcsdNpj6cTZvbHXmcDf+RxXw=",
        "owner": "edmundmiller",
        "repo": "nextflow-mode",
        "rev": "f78a67966c6475b618223ebfc2a9bc66a4ff4821",
        "type": "github"
      },
      "original": {
        "owner": "edmundmiller",
        "repo": "nextflow-mode",
        "type": "github"
      }
    },
    "nixpkgs": {
      "locked": {
        "lastModified": 1764677808,
        "narHash": "sha256-H3lC7knbXOBrHI9hITQ7modLuX20mYJVhZORL5ioms0=",
        "owner": "NixOS",
        "repo": "nixpkgs",
        "rev": "1aab89277eb2d87823d5b69bae631a2496cff57a",
        "type": "github"
      },
      "original": {
        "owner": "NixOS",
        "ref": "nixos-25.11",
        "repo": "nixpkgs",
        "type": "github"
      }
    },
    "ob-duckdb": {
      "flake": false,
      "locked": {
        "lastModified": 1766435750,
        "narHash": "sha256-7A711IJavzSUoCOQqaoFpSshvrUT6T7wIGkDXxGigWI=",
        "owner": "gggion",
        "repo": "ob-duckdb",
        "rev": "560507c85db252a01396e73b2cf719b5720e6bc1",
        "type": "github"
      },
      "original": {
        "owner": "gggion",
        "repo": "ob-duckdb",
        "type": "github"
      }
    },
    "org-clock-dbus": {
      "inputs": {
        "nixpkgs": [
          "nixpkgs"
        ]
      },
      "locked": {
        "lastModified": 1761557150,
        "narHash": "sha256-fG6svMEwJkCJkTN1RVq2jUrRT5SmaiVXFUmmHn/IHK4=",
        "owner": "pjones",
        "repo": "org-clock-dbus",
        "rev": "2ebfd243078f6749cf57524a9f677c0e6b5203ad",
        "type": "github"
      },
      "original": {
        "owner": "pjones",
        "repo": "org-clock-dbus",
        "type": "github"
      }
    },
    "org-grader": {
      "flake": false,
      "locked": {
        "lastModified": 1751551115,
        "narHash": "sha256-6X1+4W3ehRkL/3L+7vf6D3k1uutyMt/aCaGCVHZkYXA=",
        "owner": "pjones",
        "repo": "org-grader",
        "rev": "59c6b586d47db5d1604903563a6140878c73252a",
        "type": "github"
      },
      "original": {
        "owner": "pjones",
        "repo": "org-grader",
        "type": "github"
      }
    },
    "org-roam": {
      "flake": false,
      "locked": {
        "lastModified": 1748153192,
        "narHash": "sha256-qjWN/+p7z44q0C1iYYDk0S6np/L2DXBuamUq+PS+MgI=",
        "owner": "org-roam",
        "repo": "org-roam",
        "rev": "2ff616fbd8277bd797254befe34d5036b35a7dbf",
        "type": "github"
      },
      "original": {
        "owner": "org-roam",
        "ref": "v2.3.0",
        "repo": "org-roam",
        "type": "github"
      }
    },
    "ox-ipynb": {
      "flake": false,
      "locked": {
        "lastModified": 1761753279,
        "narHash": "sha256-K3iQInuCKxzJUAvgND8AuJvxT6nz8/TnANIDXDIZ40k=",
        "owner": "jkitchin",
        "repo": "ox-ipynb",
        "rev": "cf91ec7990a9a297600ed7aacb1645fb9acc1c25",
        "type": "github"
      },
      "original": {
        "owner": "jkitchin",
        "repo": "ox-ipynb",
        "type": "github"
      }
    },
    "root": {
      "inputs": {
        "anki-editor": "anki-editor",
        "corg": "corg",
        "home-manager": "home-manager",
        "meow-edit": "meow-edit",
        "nextflow-mode": "nextflow-mode",
        "nixpkgs": "nixpkgs",
        "ob-duckdb": "ob-duckdb",
        "org-clock-dbus": "org-clock-dbus",
        "org-grader": "org-grader",
        "org-roam": "org-roam",
        "ox-ipynb": "ox-ipynb"
      }
    }
  },
  "root": "root",
  "version": 7
}
