{
  "nodes": {
    "home-manager": {
      "inputs": {
        "nixpkgs": [
          "nixpkgs"
        ]
      },
      "locked": {
        "lastModified": 1638553958,
        "narHash": "sha256-leETjYMtD9y37CvfRSQhIGibcIl4dNVlFkY/8QgqmAM=",
        "owner": "nix-community",
        "repo": "home-manager",
        "rev": "6ce1d64073f48b9bc9425218803b1b607454c1e7",
        "type": "github"
      },
      "original": {
        "owner": "nix-community",
        "ref": "release-21.11",
        "repo": "home-manager",
        "type": "github"
      }
    },
    "nixpkgs": {
      "locked": {
        "lastModified": 1638887115,
        "narHash": "sha256-emjtIeqyJ84Eb3X7APJruTrwcfnHQKs55XGljj62prs=",
        "owner": "NixOS",
        "repo": "nixpkgs",
        "rev": "1bd4bbd49bef217a3d1adea43498270d6e779d65",
        "type": "github"
      },
      "original": {
        "owner": "NixOS",
        "ref": "nixos-21.11",
        "repo": "nixpkgs",
        "type": "github"
      }
    },
    "root": {
      "inputs": {
        "home-manager": "home-manager",
        "nixpkgs": "nixpkgs"
      }
    }
  },
  "root": "root",
  "version": 7
}
