{
  "nodes": {
    "cape": {
      "flake": false,
      "locked": {
        "lastModified": 1641814655,
        "narHash": "sha256-UE76xX20M9ShV/W+vlUvnpbLIv/4x+u7p2+8TKvHAB0=",
        "owner": "minad",
        "repo": "cape",
        "rev": "9567f1ca09a3867e50ef8f990b486e916460df9d",
        "type": "github"
      },
      "original": {
        "owner": "minad",
        "ref": "0.5",
        "repo": "cape",
        "type": "github"
      }
    },
    "corfu": {
      "flake": false,
      "locked": {
        "lastModified": 1640943596,
        "narHash": "sha256-kB5znGQ0swF41R9ZS1z6dBCOYeHQxMAunmPkCmZEQ8o=",
        "owner": "minad",
        "repo": "corfu",
        "rev": "5f03ba4c75e4d43631c778900679254be5e6e4fe",
        "type": "github"
      },
      "original": {
        "owner": "minad",
        "ref": "0.17",
        "repo": "corfu",
        "type": "github"
      }
    },
    "corfu-doc": {
      "flake": false,
      "locked": {
        "lastModified": 1650325664,
        "narHash": "sha256-PRly3n1K/titw//3OwdNiLfG1hkVPvrdFcJLMEbtbDE=",
        "owner": "galeo",
        "repo": "corfu-doc",
        "rev": "c14d42e5e2107c1d3f51e88c7d42d0bd3b247b39",
        "type": "github"
      },
      "original": {
        "owner": "galeo",
        "repo": "corfu-doc",
        "type": "github"
      }
    },
    "home-manager": {
      "inputs": {
        "nixpkgs": [
          "nixpkgs"
        ]
      },
      "locked": {
        "lastModified": 1650784624,
        "narHash": "sha256-RTYGFBlxEmhhLLH9UfObyz2d4alhCSf6NQpyID7Mqvg=",
        "owner": "nix-community",
        "repo": "home-manager",
        "rev": "65a32578d9b1394bea5c6336721ec392aadc89fb",
        "type": "github"
      },
      "original": {
        "owner": "nix-community",
        "ref": "master",
        "repo": "home-manager",
        "type": "github"
      }
    },
    "neuron-mode": {
      "flake": false,
      "locked": {
        "lastModified": 1611962192,
        "narHash": "sha256-hQ7owkbfucrkpZy3NaIVQN9LjoBI0t8pczyenaOXVHc=",
        "owner": "felko",
        "repo": "neuron-mode",
        "rev": "3f86d26fb2006e82c673a5bf122594820a4842d8",
        "type": "github"
      },
      "original": {
        "owner": "felko",
        "ref": "v1.0",
        "repo": "neuron-mode",
        "type": "github"
      }
    },
    "nixpkgs": {
      "locked": {
        "lastModified": 1650701402,
        "narHash": "sha256-XKfstdtqDg+O+gNBx1yGVKWIhLgfEDg/e2lvJSsp9vU=",
        "owner": "NixOS",
        "repo": "nixpkgs",
        "rev": "bc41b01dd7a9fdffd32d9b03806798797532a5fe",
        "type": "github"
      },
      "original": {
        "owner": "NixOS",
        "ref": "nixos-unstable",
        "repo": "nixpkgs",
        "type": "github"
      }
    },
    "passmm": {
      "flake": false,
      "locked": {
        "lastModified": 1610150904,
        "narHash": "sha256-ZgkuSlQqrpBvJCyLESWmaRVJvdfdgK0rpID0aa6QVmQ=",
        "owner": "pjones",
        "repo": "passmm",
        "rev": "d78d1bf4f397180d2256248df589f33aafb4c8b4",
        "type": "github"
      },
      "original": {
        "owner": "pjones",
        "repo": "passmm",
        "type": "github"
      }
    },
    "root": {
      "inputs": {
        "cape": "cape",
        "corfu": "corfu",
        "corfu-doc": "corfu-doc",
        "home-manager": "home-manager",
        "neuron-mode": "neuron-mode",
        "nixpkgs": "nixpkgs",
        "passmm": "passmm",
        "vterm": "vterm"
      }
    },
    "vterm": {
      "flake": false,
      "locked": {
        "lastModified": 1650555337,
        "narHash": "sha256-sl9cFSpAZ5d8MFaR5XTzLl4k++YIK6r7iU+sB6OMMsg=",
        "owner": "akermu",
        "repo": "emacs-libvterm",
        "rev": "8d7c8c593f528646bd3304e64f4ec47d52c40aec",
        "type": "github"
      },
      "original": {
        "owner": "akermu",
        "repo": "emacs-libvterm",
        "type": "github"
      }
    }
  },
  "root": "root",
  "version": 7
}
